# THIS IS AN AUTOGENERATED FILE. DO NOT EDIT THIS FILE DIRECTLY.
# yarn lockfile v1


mithril@2.0.0-rc.4:
  version "2.0.0-rc.4"
  resolved "https://registry.yarnpkg.com/mithril/-/mithril-2.0.0-rc.4.tgz#f0b669a2edc11c57eea79f08649dfa1635e0e16e"
  integrity sha512-Vea5rnb4Z7RUuQgB3/LSltZlYwR9dbuXwxTOlNyyfGu5FNC/FvfteR3Je5u95v8GGSgGN2mzmVrPXETOHOaOtA==
